# This file was autogenerated by uv via the following command:
#    uv pip compile config/requirements-gpu.in --python-version 3.12 --python-platform windows --index-strategy unsafe-best-match --generate-hashes --constraint config/requirements-retrieval.lock -o config/requirements-gpu.lock
annotated-doc==0.0.5 \
    --hash=sha256:117bac03a25ede5df5440e855b32d556049ca169ead221505badf432fed4b101 \
    --hash=sha256:c7e58ce09192557605d8bbd92836d7e1d520ac9580096042c0bfd197efacf1bb
    # via typer
anyio==4.15.1 \
    --hash=sha256:6152fdbbf9a77fdec97731721bebf7c4c44f7c29b424b0065826173efc7ed101 \
    --hash=sha256:9f28306018cbd6d329e64a36d58256edff76dd996fe423bc957326e578b82a94
    # via httpx
certifi==2026.7.22 \
    --hash=sha256:62f22742b58a1a33014a2b6b706588a8d7e2a88ae7bd1a6ebe8c992928483775 \
    --hash=sha256:741e2c3b351ddf169a738da9f2c048608ff7f2c5cc02f1ebc6b118bb090d5d55
    # via
    #   httpcore
    #   httpx
click==8.5.0 \
    --hash=sha256:255bc9599cf7748b4b1a446ccc735421bd08a2ae529a8b88597d3de5664ee360 \
    --hash=sha256:ba0d2089de75ea0310e2dde03160e6ca10009947fb95a182f9b54021bb272e34
    # via
    #   -c config/requirements-retrieval.lock
    #   huggingface-hub
colorama==0.4.6 \
    --hash=sha256:08695f5cb7ed6e0531a20572697297273c47b8cae5a63ffc6d6ed5c201be6e44 \
    --hash=sha256:4f1d9991f5acc0ca119f9d443620b77f9d6b33703e51011c16baf57afb285fc6
    # via
    #   tqdm
    #   typer
filelock==4.0.0 \
    --hash=sha256:3611eca5d818ca9b00ec3cc7db1dcfe1e2aafc8d44fb4920d8cf60ad1f6bfda6 \
    --hash=sha256:a850aa9ec2acba8db9ca2e9fcf8a327fbc2f85e432725715b37bd76b7dd1f798
    # via
    #   huggingface-hub
    #   torch
fsspec==2026.7.0 \
    --hash=sha256:b57ddbafedfaef7018c1ecab32aa200a9d7ca26b77965f64e48b70061249d279 \
    --hash=sha256:c803c40f4cf860b49dea58ee3e1c33cb9c790520e233537e1340049f89b82a88
    # via
    #   -c config/requirements-retrieval.lock
    #   huggingface-hub
    #   torch
h11==0.16.0 \
    --hash=sha256:4e35b956cf45792e4caa5885e69fba00bdbc6ffafbfa020300e549b208ee5ff1 \
    --hash=sha256:63cf8bbe7522de3bf65932fda1d9c2772064ffb3dae62d55932da54b31cb6c86
    # via httpcore
hf-xet==1.6.0 \
    --hash=sha256:0e6e21fa3cdfcdcd76748564bf593870a5e013f47d97cf10aed63aa222cff5b7 \
    --hash=sha256:23379c2f9ec8696d952b16414a2bae72cad86a52df869b050698ba60f538c675 \
    --hash=sha256:2e58454a340b3556dfa4972d5451aff4fba8dd42a236600ba1a1d2b1514f0fef \
    --hash=sha256:35cec30d75c6f9eb9c16a77cef68e85a103b72e24d4b473714ec9ff06428bab9 \
    --hash=sha256:3dc3e35441ba395006af5aaacc40ef2e603c51ef46c3530b9156185f00935ea3 \
    --hash=sha256:4fc74352a17015bd0ee90038bc9efe38db894cde45f268b6712b04fce8cd0acb \
    --hash=sha256:5153e6bb103ad49d6ea9f1b2e230db5a2ea32551ad09a706d2f61d7c7c80d80e \
    --hash=sha256:5789835d7c6bc9436962853192082374297fb72d7eff7e7762ec25ceb7e25338 \
    --hash=sha256:633dc0cd71d32da58ab8c03ad38e2fac452c15c2b0a2866ebf6ededfe0a5061d \
    --hash=sha256:70cbb9c896901600128cb9b6f06e132954fbede1db30f31f7c6c63f84cb7c31d \
    --hash=sha256:75765820ce4700db3750c94acc8fe27c5fae4c9ec000a0dbac3ca082acf97765 \
    --hash=sha256:8fb4f71cba6129110c3374a33f919001ff130488fc23553698e34cc1c2a1198c \
    --hash=sha256:948f15d3a9545cfe5932f6bd8b440f6ae630aee108f14b7bd6c561f7c2dcc522 \
    --hash=sha256:d62671bb130879cef0ee4c9ebe47a14af6c66ec53e6d84dc15936e5ffdfac82f \
    --hash=sha256:f0906082d9932ae0c0057fa194041c22b4e2cdb46b2592ef3b91f020d62a081a \
    --hash=sha256:f2f7278c05c22fd60cb436cda1269649b3e81db65ecdc8496e5e164aa4143e7b \
    --hash=sha256:fb4fadde1b2b70bf4c0c14a6dccbe7194b1c28947fefd5bbe3fed9d940676c3b
    # via
    #   -c config/requirements-retrieval.lock
    #   huggingface-hub
httpcore==1.0.9 \
    --hash=sha256:2d400746a40668fc9dec9810239072b40b4484b640a8c38fd654a024c7a1bf55 \
    --hash=sha256:6e34463af53fd2ab5d807f399a9b45ea31c3dfa2276f15a2c3f00afff6e176e8
    # via httpx
httpx==0.28.1 \
    --hash=sha256:75e98c5f16b0f35b567856f597f06ff2270a374470a5c2392242528e3e3e42fc \
    --hash=sha256:d909fcccc110f8c7faf814ca82a9a4d816bc5a6dbfea25d6591d6985b8ba59ad
    # via huggingface-hub
huggingface-hub==1.30.0 \
    --hash=sha256:96ae0a8e99a234374a6fe43e989ebd21c04640b91ab2927e7e5773ba1131ca59 \
    --hash=sha256:e6a6120bc8c8e2723d03648434ee247088cceb55ba7067e7d34d692cad5fdb57
    # via
    #   -c config/requirements-retrieval.lock
    #   tokenizers
    #   transformers
idna==3.20 \
    --hash=sha256:a7db850025b95ded1eae8a46181a1a6c56c92c96f0e2b005d9ff8dc0210cab44 \
    --hash=sha256:ab7ae7122974553370f0bdb919e1a960b2cd1bc1ef0276416d896db81c14582c
    # via
    #   anyio
    #   httpx
jinja2==3.1.6 \
    --hash=sha256:0137fb05990d35f1275a587e9aee6d56da821fc83491a0fb838183be43f66d6d \
    --hash=sha256:85ece4451f492d0c13c5dd7c13a64681a86afae63a5f347908daf103ce6d2f67
    # via torch
markdown-it-py==4.2.0 \
    --hash=sha256:04a21681d6fbb623de53f6f364d352309d4094dd4194040a10fd51833e418d49 \
    --hash=sha256:9f7ebbcd14fe59494226453aed97c1070d83f8d24b6fc3a3bcf9a38092641c4a
    # via rich
markupsafe==3.0.3 \
    --hash=sha256:0303439a41979d9e74d18ff5e2dd8c43ed6c6001fd40e5bf2e43f7bd9bbc523f \
    --hash=sha256:068f375c472b3e7acbe2d5318dea141359e6900156b5b2ba06a30b169086b91a \
    --hash=sha256:0bf2a864d67e76e5c9a34dc26ec616a66b9888e25e7b9460e1c76d3293bd9dbf \
    --hash=sha256:0db14f5dafddbb6d9208827849fad01f1a2609380add406671a26386cdf15a19 \
    --hash=sha256:0eb9ff8191e8498cca014656ae6b8d61f39da5f95b488805da4bb029cccbfbaf \
    --hash=sha256:0f4b68347f8c5eab4a13419215bdfd7f8c9b19f2b25520968adfad23eb0ce60c \
    --hash=sha256:1085e7fbddd3be5f89cc898938f42c0b3c711fdcb37d75221de2666af647c175 \
    --hash=sha256:116bb52f642a37c115f517494ea5feb03889e04df47eeff5b130b1808ce7c219 \
    --hash=sha256:12c63dfb4a98206f045aa9563db46507995f7ef6d83b2f68eda65c307c6829eb \
    --hash=sha256:133a43e73a802c5562be9bbcd03d090aa5a1fe899db609c29e8c8d815c5f6de6 \
    --hash=sha256:1353ef0c1b138e1907ae78e2f6c63ff67501122006b0f9abad68fda5f4ffc6ab \
    --hash=sha256:15d939a21d546304880945ca1ecb8a039db6b4dc49b2c5a400387cdae6a62e26 \
    --hash=sha256:177b5253b2834fe3678cb4a5f0059808258584c559193998be2601324fdeafb1 \
    --hash=sha256:1872df69a4de6aead3491198eaf13810b565bdbeec3ae2dc8780f14458ec73ce \
    --hash=sha256:1b4b79e8ebf6b55351f0d91fe80f893b4743f104bff22e90697db1590e47a218 \
    --hash=sha256:1b52b4fb9df4eb9ae465f8d0c228a00624de2334f216f178a995ccdcf82c4634 \
    --hash=sha256:1ba88449deb3de88bd40044603fafffb7bc2b055d626a330323a9ed736661695 \
    --hash=sha256:1cc7ea17a6824959616c525620e387f6dd30fec8cb44f649e31712db02123dad \
    --hash=sha256:218551f6df4868a8d527e3062d0fb968682fe92054e89978594c28e642c43a73 \
    --hash=sha256:26a5784ded40c9e318cfc2bdb30fe164bdb8665ded9cd64d500a34fb42067b1c \
    --hash=sha256:2713baf880df847f2bece4230d4d094280f4e67b1e813eec43b4c0e144a34ffe \
    --hash=sha256:2a15a08b17dd94c53a1da0438822d70ebcd13f8c3a95abe3a9ef9f11a94830aa \
    --hash=sha256:2f981d352f04553a7171b8e44369f2af4055f888dfb147d55e42d29e29e74559 \
    --hash=sha256:32001d6a8fc98c8cb5c947787c5d08b0a50663d139f1305bac5885d98d9b40fa \
    --hash=sha256:3524b778fe5cfb3452a09d31e7b5adefeea8c5be1d43c4f810ba09f2ceb29d37 \
    --hash=sha256:3537e01efc9d4dccdf77221fb1cb3b8e1a38d5428920e0657ce299b20324d758 \
    --hash=sha256:35add3b638a5d900e807944a078b51922212fb3dedb01633a8defc4b01a3c85f \
    --hash=sha256:38664109c14ffc9e7437e86b4dceb442b0096dfe3541d7864d9cbe1da4cf36c8 \
    --hash=sha256:3a7e8ae81ae39e62a41ec302f972ba6ae23a5c5396c8e60113e9066ef893da0d \
    --hash=sha256:3b562dd9e9ea93f13d53989d23a7e775fdfd1066c33494ff43f5418bc8c58a5c \
    --hash=sha256:457a69a9577064c05a97c41f4e65148652db078a3a509039e64d3467b9e7ef97 \
    --hash=sha256:4bd4cd07944443f5a265608cc6aab442e4f74dff8088b0dfc8238647b8f6ae9a \
    --hash=sha256:4e885a3d1efa2eadc93c894a21770e4bc67899e3543680313b09f139e149ab19 \
    --hash=sha256:4faffd047e07c38848ce017e8725090413cd80cbc23d86e55c587bf979e579c9 \
    --hash=sha256:509fa21c6deb7a7a273d629cf5ec029bc209d1a51178615ddf718f5918992ab9 \
    --hash=sha256:5678211cb9333a6468fb8d8be0305520aa073f50d17f089b5b4b477ea6e67fdc \
    --hash=sha256:591ae9f2a647529ca990bc681daebdd52c8791ff06c2bfa05b65163e28102ef2 \
    --hash=sha256:5a7d5dc5140555cf21a6fefbdbf8723f06fcd2f63ef108f2854de715e4422cb4 \
    --hash=sha256:69c0b73548bc525c8cb9a251cddf1931d1db4d2258e9599c28c07ef3580ef354 \
    --hash=sha256:6b5420a1d9450023228968e7e6a9ce57f65d148ab56d2313fcd589eee96a7a50 \
    --hash=sha256:722695808f4b6457b320fdc131280796bdceb04ab50fe1795cd540799ebe1698 \
    --hash=sha256:729586769a26dbceff69f7a7dbbf59ab6572b99d94576a5592625d5b411576b9 \
    --hash=sha256:77f0643abe7495da77fb436f50f8dab76dbc6e5fd25d39589a0f1fe6548bfa2b \
    --hash=sha256:795e7751525cae078558e679d646ae45574b47ed6e7771863fcc079a6171a0fc \
    --hash=sha256:7be7b61bb172e1ed687f1754f8e7484f1c8019780f6f6b0786e76bb01c2ae115 \
    --hash=sha256:7c3fb7d25180895632e5d3148dbdc29ea38ccb7fd210aa27acbd1201a1902c6e \
    --hash=sha256:7e68f88e5b8799aa49c85cd116c932a1ac15caaa3f5db09087854d218359e485 \
    --hash=sha256:83891d0e9fb81a825d9a6d61e3f07550ca70a076484292a70fde82c4b807286f \
    --hash=sha256:8485f406a96febb5140bfeca44a73e3ce5116b2501ac54fe953e488fb1d03b12 \
    --hash=sha256:8709b08f4a89aa7586de0aadc8da56180242ee0ada3999749b183aa23df95025 \
    --hash=sha256:8f71bc33915be5186016f675cd83a1e08523649b0e33efdb898db577ef5bb009 \
    --hash=sha256:915c04ba3851909ce68ccc2b8e2cd691618c4dc4c4232fb7982bca3f41fd8c3d \
    --hash=sha256:949b8d66bc381ee8b007cd945914c721d9aba8e27f71959d750a46f7c282b20b \
    --hash=sha256:94c6f0bb423f739146aec64595853541634bde58b2135f27f61c1ffd1cd4d16a \
    --hash=sha256:9a1abfdc021a164803f4d485104931fb8f8c1efd55bc6b748d2f5774e78b62c5 \
    --hash=sha256:9b79b7a16f7fedff2495d684f2b59b0457c3b493778c9eed31111be64d58279f \
    --hash=sha256:a320721ab5a1aba0a233739394eb907f8c8da5c98c9181d1161e77a0c8e36f2d \
    --hash=sha256:a4afe79fb3de0b7097d81da19090f4df4f8d3a2b3adaa8764138aac2e44f3af1 \
    --hash=sha256:ad2cf8aa28b8c020ab2fc8287b0f823d0a7d8630784c31e9ee5edea20f406287 \
    --hash=sha256:b8512a91625c9b3da6f127803b166b629725e68af71f8184ae7e7d54686a56d6 \
    --hash=sha256:bc51efed119bc9cfdf792cdeaa4d67e8f6fcccab66ed4bfdd6bde3e59bfcbb2f \
    --hash=sha256:bdc919ead48f234740ad807933cdf545180bfbe9342c2bb451556db2ed958581 \
    --hash=sha256:bdd37121970bfd8be76c5fb069c7751683bdf373db1ed6c010162b2a130248ed \
    --hash=sha256:be8813b57049a7dc738189df53d69395eba14fb99345e0a5994914a3864c8a4b \
    --hash=sha256:c0c0b3ade1c0b13b936d7970b1d37a57acde9199dc2aecc4c336773e1d86049c \
    --hash=sha256:c47a551199eb8eb2121d4f0f15ae0f923d31350ab9280078d1e5f12b249e0026 \
    --hash=sha256:c4ffb7ebf07cfe8931028e3e4c85f0357459a3f9f9490886198848f4fa002ec8 \
    --hash=sha256:ccfcd093f13f0f0b7fdd0f198b90053bf7b2f02a3927a30e63f3ccc9df56b676 \
    --hash=sha256:d2ee202e79d8ed691ceebae8e0486bd9a2cd4794cec4824e1c99b6f5009502f6 \
    --hash=sha256:d53197da72cc091b024dd97249dfc7794d6a56530370992a5e1a08983ad9230e \
    --hash=sha256:d6dd0be5b5b189d31db7cda48b91d7e0a9795f31430b7f271219ab30f1d3ac9d \
    --hash=sha256:d88b440e37a16e651bda4c7c2b930eb586fd15ca7406cb39e211fcff3bf3017d \
    --hash=sha256:de8a88e63464af587c950061a5e6a67d3632e36df62b986892331d4620a35c01 \
    --hash=sha256:df2449253ef108a379b8b5d6b43f4b1a8e81a061d6537becd5582fba5f9196d7 \
    --hash=sha256:e1c1493fb6e50ab01d20a22826e57520f1284df32f2d8601fdd90b6304601419 \
    --hash=sha256:e1cf1972137e83c5d4c136c43ced9ac51d0e124706ee1c8aa8532c1287fa8795 \
    --hash=sha256:e2103a929dfa2fcaf9bb4e7c091983a49c9ac3b19c9061b6d5427dd7d14d81a1 \
    --hash=sha256:e56b7d45a839a697b5eb268c82a71bd8c7f6c94d6fd50c3d577fa39a9f1409f5 \
    --hash=sha256:e8afc3f2ccfa24215f8cb28dcf43f0113ac3c37c2f0f0806d8c70e4228c5cf4d \
    --hash=sha256:e8fc20152abba6b83724d7ff268c249fa196d8259ff481f3b1476383f8f24e42 \
    --hash=sha256:eaa9599de571d72e2daf60164784109f19978b327a3910d3e9de8c97b5b70cfe \
    --hash=sha256:ec15a59cf5af7be74194f7ab02d0f59a62bdcf1a537677ce67a2537c9b87fcda \
    --hash=sha256:f190daf01f13c72eac4efd5c430a8de82489d9cff23c364c3ea822545032993e \
    --hash=sha256:f34c41761022dd093b4b6896d4810782ffbabe30f2d443ff5f083e0cbbb8c737 \
    --hash=sha256:f3e98bb3798ead92273dc0e5fd0f31ade220f59a266ffd8a4f6065e0a3ce0523 \
    --hash=sha256:f42d0984e947b8adf7dd6dde396e720934d12c506ce84eea8476409563607591 \
    --hash=sha256:f71a396b3bf33ecaa1626c255855702aca4d3d9fea5e051b41ac59a9c1c41edc \
    --hash=sha256:f9e130248f4462aaa8e2552d547f36ddadbeaa573879158d721bbd33dfe4743a \
    --hash=sha256:fed51ac40f757d41b7c48425901843666a6677e3e8eb0abcff09e4ba6e664f50
    # via jinja2
mdurl==0.1.2 \
    --hash=sha256:84008a41e51615a49fc9966191ff91509e3c40b939176e643fd50a5c2196b8f8 \
    --hash=sha256:bb413d29f5eea38f31dd4754dd7377d4465116fb207585f97bf925588687c1ba
    # via markdown-it-py
mpmath==1.3.0 \
    --hash=sha256:7a28eb2a9774d00c7bc92411c19a89209d5da7c4c9a9e227be8330a23a25b91f \
    --hash=sha256:a0b2b9fe80bbcd81a6647ff13108738cfb482d481d826cc0e02f5b35e5c88d2c
    # via sympy
networkx==3.6.1 \
    --hash=sha256:26b7c357accc0c8cde558ad486283728b65b6a95d85ee1cd66bafab4c8168509 \
    --hash=sha256:d47fbf302e7d9cbbb9e2555a0d267983d2aa476bac30e90dfbe5669bd57f3762
    # via torch
numpy==2.5.1 \
    --hash=sha256:08d60c810432eb83360958dea0999ac4cfb94531ea8efcbf0b7f277c2068aeb2 \
    --hash=sha256:09e9bfd8d2cf479c7d174804fb3811c53a8e9f20a37444008606b57d6b7a826d \
    --hash=sha256:0bfebd8695f9863592fe744be833a258120b14a9f39da255e8aa8fade2c0ddd1 \
    --hash=sha256:17a25e09640602e10bc8de0e6fa2b3fd68eedd84ba6d7842dc8f32f9ab87bd0b \
    --hash=sha256:1c6759f538fb912fc46de0a6b1758ccf7b57bc7c7ebebc23974fdac3de8db0cd \
    --hash=sha256:224ca51130ef7da85bea2191625181cb4f337f9cb64b471f10c1a12aa8b60077 \
    --hash=sha256:24d0eb82c0541d3415a33425db64ae439dffccd7b4dbcb30e7c35120205c506a \
    --hash=sha256:2ae0ca40bcb22d6ba59c1dfd5446f49940b0f2d821fde133f10dda11f816b84e \
    --hash=sha256:2c889b56fe48b1018f764b0eec8df59ab654e9148aa91faa12596043500de277 \
    --hash=sha256:30b44a6b53a7ae63c54c089a8726e5563ed302716c5b7ccc85afade40b0e7ff6 \
    --hash=sha256:32985c896d897419ef8da6917872d80b78ad0ea26d85b23245c7366ffde76d75 \
    --hash=sha256:3935f3b419b244a02732676fa5317a9193cc596a4c0646db07e5b421229ac9f7 \
    --hash=sha256:4939237038ada79308dda3204ac6462df056b5672b2e25db1149cf873668b3e1 \
    --hash=sha256:4b4ff1608417eb7a59da7b967bbb798cacfe071d2caf526a24281cd562072ed9 \
    --hash=sha256:54ad769f17bc2d833b620851989f62054fb9ab93c969d9e1dc3c8e3d56beea21 \
    --hash=sha256:59fda5e192b570217ec2580c96f00e9a7e12ef6866a900eb089b62c1a32545ca \
    --hash=sha256:5a4c988b38d261deeeaad9954e3deb091ad905c94e8bb6708654ef1d97f286b0 \
    --hash=sha256:5a6db61f9aaa57e369905c67d852045d3c4f7126405b29d09b19dec118e9c9cb \
    --hash=sha256:6165343f81b56ef8f514f396989e529b61d9dc709b99421b07e9f3e698e2287d \
    --hash=sha256:61ac47e772e6b8ea489e1d2f441a34c5c3ac17327e7ce294cbdf535795ad4e75 \
    --hash=sha256:6c3fe51bc6a16453d452997053454f309e8e0ed7b42d6b361ce4ac8c32913d74 \
    --hash=sha256:6eab239876581b2b3c5a242281b6007bbdbcd1c7085d7709bb57c5929b11e6bf \
    --hash=sha256:78798bd5b9ad744056af8efa90e3b9ddaa53272a0848a483084a1cc0a13b2dc0 \
    --hash=sha256:7c786fe9a5bbe360022e584c5a34cf6b54265c71bd7ec8ac3d8fec38968071f8 \
    --hash=sha256:83ce9c80d5b521b0d77ddcbe5447c218d247929b6cc056ca5351342accfff0af \
    --hash=sha256:9726558e8db4a5bf7929a70ae50f63abda4daf0efe810e3bfbab95976f75fc1a \
    --hash=sha256:99d5095fa265a0c4152e7bb12759e14381ef5496152f1ce58f44bdf55c44beb4 \
    --hash=sha256:a33276be12fa045805f477f22482088b66bb758ffbe89a9d21457de863a32e22 \
    --hash=sha256:a48a113e6afea91f5608793bafa7ef2ad481fefbda87ec5069f483de61cb9fa3 \
    --hash=sha256:ab451b59c5643c570974c43aef780703ef1d3b4965d2be07afd530615a9358d1 \
    --hash=sha256:ab84dc6b074fa881cae55bea94cc4f68e285181ba7f32497bf7dee6b1496165b \
    --hash=sha256:ab87a91b3cc3382b8956095bd8f95e00cf679bb81554339be1a2ba404a1473c1 \
    --hash=sha256:c12afb53450fa976d4c681c50a7423729a4c51c0465ed9f32b8a9cabbc472373 \
    --hash=sha256:caf3e317d33d60c37986b452613f4ab51246d0691350c03d0cb4a898627f4a95 \
    --hash=sha256:dc932a65ded7ce9013d120845a2514dcccb1a67bfc8deb8d37633762951904a6 \
    --hash=sha256:e68d8dd1e7eba712948f2053a29ec86917bc70ba1358df869d9f06649ef9cf09 \
    --hash=sha256:e824c2acf8862052246be5a44c15da1777940c60d010dd2aab897824d9c430f9 \
    --hash=sha256:e8c11c405efc5ff6816d5983c96cdfa215bab3428961243af3ff59b228490438 \
    --hash=sha256:efd736408cc97c79b9e6917338dfc8f06013b2274f992e96b1d9a81a71e2a2c2 \
    --hash=sha256:f089d7b00756190aacf1f5d34bdf38c3c430ac82b4f868f8cede73380460fce7 \
    --hash=sha256:f2479a47f8d5932d1718168a681ad6e536a9df484c83cfcf9de365e164537ace \
    --hash=sha256:f7119ebff1a9829e9f431a4f9d28e703023bb6b9fe7c8f724467dbfc27c94ab3 \
    --hash=sha256:f7d60026c0bdb1380e83bfa7a0419c4577ee4b9a08880afcb6dadeb74c649fa2 \
    --hash=sha256:f7feb014281029e628ba2d5a007407443b06e418b6fe451d1e2adcbc8eba0107
    # via
    #   -c config/requirements-retrieval.lock
    #   transformers
packaging==26.3 \
    --hash=sha256:94edc256424af38762eb31306eed28beb9f0efc50a8837492c9d6fd6004aed79 \
    --hash=sha256:d7193f7c8e4e93f444fde0262bf90af30e16fa0ad0ad44cb553c87339b23cd1c
    # via
    #   huggingface-hub
    #   transformers
pygments==2.21.0 \
    --hash=sha256:2363c69b61c4a97c838da3b130dcd6468f4848992b21a82f2a63ec34377137d9 \
    --hash=sha256:610ca751c9bc2492b38eb9a38a7fbc93edbbb2d7182edaf34e66ae493dee5c8c
    # via rich
pyyaml==6.0.3 \
    --hash=sha256:00c4bdeba853cc34e7dd471f16b4114f4162dc03e6b7afcc2128711f0eca823c \
    --hash=sha256:0150219816b6a1fa26fb4699fb7daa9caf09eb1999f3b70fb6e786805e80375a \
    --hash=sha256:02893d100e99e03eda1c8fd5c441d8c60103fd175728e23e431db1b589cf5ab3 \
    --hash=sha256:02ea2dfa234451bbb8772601d7b8e426c2bfa197136796224e50e35a78777956 \
    --hash=sha256:0f29edc409a6392443abf94b9cf89ce99889a1dd5376d94316ae5145dfedd5d6 \
    --hash=sha256:10892704fc220243f5305762e276552a0395f7beb4dbf9b14ec8fd43b57f126c \
    --hash=sha256:16249ee61e95f858e83976573de0f5b2893b3677ba71c9dd36b9cf8be9ac6d65 \
    --hash=sha256:1d37d57ad971609cf3c53ba6a7e365e40660e3be0e5175fa9f2365a379d6095a \
    --hash=sha256:1ebe39cb5fc479422b83de611d14e2c0d3bb2a18bbcb01f229ab3cfbd8fee7a0 \
    --hash=sha256:214ed4befebe12df36bcc8bc2b64b396ca31be9304b8f59e25c11cf94a4c033b \
    --hash=sha256:2283a07e2c21a2aa78d9c4442724ec1eb15f5e42a723b99cb3d822d48f5f7ad1 \
    --hash=sha256:22ba7cfcad58ef3ecddc7ed1db3409af68d023b7f940da23c6c2a1890976eda6 \
    --hash=sha256:27c0abcb4a5dac13684a37f76e701e054692a9b2d3064b70f5e4eb54810553d7 \
    --hash=sha256:28c8d926f98f432f88adc23edf2e6d4921ac26fb084b028c733d01868d19007e \
    --hash=sha256:2e71d11abed7344e42a8849600193d15b6def118602c4c176f748e4583246007 \
    --hash=sha256:34d5fcd24b8445fadc33f9cf348c1047101756fd760b4dacb5c3e99755703310 \
    --hash=sha256:37503bfbfc9d2c40b344d06b2199cf0e96e97957ab1c1b546fd4f87e53e5d3e4 \
    --hash=sha256:3c5677e12444c15717b902a5798264fa7909e41153cdf9ef7ad571b704a63dd9 \
    --hash=sha256:3ff07ec89bae51176c0549bc4c63aa6202991da2d9a6129d7aef7f1407d3f295 \
    --hash=sha256:41715c910c881bc081f1e8872880d3c650acf13dfa8214bad49ed4cede7c34ea \
    --hash=sha256:418cf3f2111bc80e0933b2cd8cd04f286338bb88bdc7bc8e6dd775ebde60b5e0 \
    --hash=sha256:44edc647873928551a01e7a563d7452ccdebee747728c1080d881d68af7b997e \
    --hash=sha256:4a2e8cebe2ff6ab7d1050ecd59c25d4c8bd7e6f400f5f82b96557ac0abafd0ac \
    --hash=sha256:4ad1906908f2f5ae4e5a8ddfce73c320c2a1429ec52eafd27138b7f1cbe341c9 \
    --hash=sha256:501a031947e3a9025ed4405a168e6ef5ae3126c59f90ce0cd6f2bfc477be31b7 \
    --hash=sha256:5190d403f121660ce8d1d2c1bb2ef1bd05b5f68533fc5c2ea899bd15f4399b35 \
    --hash=sha256:5498cd1645aa724a7c71c8f378eb29ebe23da2fc0d7a08071d89469bf1d2defb \
    --hash=sha256:5cf4e27da7e3fbed4d6c3d8e797387aaad68102272f8f9752883bc32d61cb87b \
    --hash=sha256:5e0b74767e5f8c593e8c9b5912019159ed0533c70051e9cce3e8b6aa699fcd69 \
    --hash=sha256:5ed875a24292240029e4483f9d4a4b8a1ae08843b9c54f43fcc11e404532a8a5 \
    --hash=sha256:5fcd34e47f6e0b794d17de1b4ff496c00986e1c83f7ab2fb8fcfe9616ff7477b \
    --hash=sha256:5fdec68f91a0c6739b380c83b951e2c72ac0197ace422360e6d5a959d8d97b2c \
    --hash=sha256:6344df0d5755a2c9a276d4473ae6b90647e216ab4757f8426893b5dd2ac3f369 \
    --hash=sha256:64386e5e707d03a7e172c0701abfb7e10f0fb753ee1d773128192742712a98fd \
    --hash=sha256:652cb6edd41e718550aad172851962662ff2681490a8a711af6a4d288dd96824 \
    --hash=sha256:66291b10affd76d76f54fad28e22e51719ef9ba22b29e1d7d03d6777a9174198 \
    --hash=sha256:66e1674c3ef6f541c35191caae2d429b967b99e02040f5ba928632d9a7f0f065 \
    --hash=sha256:6adc77889b628398debc7b65c073bcb99c4a0237b248cacaf3fe8a557563ef6c \
    --hash=sha256:79005a0d97d5ddabfeeea4cf676af11e647e41d81c9a7722a193022accdb6b7c \
    --hash=sha256:7c6610def4f163542a622a73fb39f534f8c101d690126992300bf3207eab9764 \
    --hash=sha256:7f047e29dcae44602496db43be01ad42fc6f1cc0d8cd6c83d342306c32270196 \
    --hash=sha256:8098f252adfa6c80ab48096053f512f2321f0b998f98150cea9bd23d83e1467b \
    --hash=sha256:850774a7879607d3a6f50d36d04f00ee69e7fc816450e5f7e58d7f17f1ae5c00 \
    --hash=sha256:8d1fab6bb153a416f9aeb4b8763bc0f22a5586065f86f7664fc23339fc1c1fac \
    --hash=sha256:8da9669d359f02c0b91ccc01cac4a67f16afec0dac22c2ad09f46bee0697eba8 \
    --hash=sha256:8dc52c23056b9ddd46818a57b78404882310fb473d63f17b07d5c40421e47f8e \
    --hash=sha256:9149cad251584d5fb4981be1ecde53a1ca46c891a79788c0df828d2f166bda28 \
    --hash=sha256:93dda82c9c22deb0a405ea4dc5f2d0cda384168e466364dec6255b293923b2f3 \
    --hash=sha256:96b533f0e99f6579b3d4d4995707cf36df9100d67e0c8303a0c55b27b5f99bc5 \
    --hash=sha256:9c57bb8c96f6d1808c030b1687b9b5fb476abaa47f0db9c0101f5e9f394e97f4 \
    --hash=sha256:9c7708761fccb9397fe64bbc0395abcae8c4bf7b0eac081e12b809bf47700d0b \
    --hash=sha256:9f3bfb4965eb874431221a3ff3fdcddc7e74e3b07799e0e84ca4a0f867d449bf \
    --hash=sha256:a33284e20b78bd4a18c8c2282d549d10bc8408a2a7ff57653c0cf0b9be0afce5 \
    --hash=sha256:a80cb027f6b349846a3bf6d73b5e95e782175e52f22108cfa17876aaeff93702 \
    --hash=sha256:b30236e45cf30d2b8e7b3e85881719e98507abed1011bf463a8fa23e9c3e98a8 \
    --hash=sha256:b3bc83488de33889877a0f2543ade9f70c67d66d9ebb4ac959502e12de895788 \
    --hash=sha256:b865addae83924361678b652338317d1bd7e79b1f4596f96b96c77a5a34b34da \
    --hash=sha256:b8bb0864c5a28024fac8a632c443c87c5aa6f215c0b126c449ae1a150412f31d \
    --hash=sha256:ba1cc08a7ccde2d2ec775841541641e4548226580ab850948cbfda66a1befcdc \
    --hash=sha256:bdb2c67c6c1390b63c6ff89f210c8fd09d9a1217a465701eac7316313c915e4c \
    --hash=sha256:c1ff362665ae507275af2853520967820d9124984e0f7466736aea23d8611fba \
    --hash=sha256:c2514fceb77bc5e7a2f7adfaa1feb2fb311607c9cb518dbc378688ec73d8292f \
    --hash=sha256:c3355370a2c156cffb25e876646f149d5d68f5e0a3ce86a5084dd0b64a994917 \
    --hash=sha256:c458b6d084f9b935061bc36216e8a69a7e293a2f1e68bf956dcd9e6cbcd143f5 \
    --hash=sha256:d0eae10f8159e8fdad514efdc92d74fd8d682c933a6dd088030f3834bc8e6b26 \
    --hash=sha256:d76623373421df22fb4cf8817020cbb7ef15c725b9d5e45f17e189bfc384190f \
    --hash=sha256:ebc55a14a21cb14062aa4162f906cd962b28e2e9ea38f9b4391244cd8de4ae0b \
    --hash=sha256:eda16858a3cab07b80edaf74336ece1f986ba330fdb8ee0d6c0d68fe82bc96be \
    --hash=sha256:ee2922902c45ae8ccada2c5b501ab86c36525b883eff4255313a253a3160861c \
    --hash=sha256:efd7b85f94a6f21e4932043973a7ba2613b059c4a000551892ac9f1d11f5baf3 \
    --hash=sha256:f7057c9a337546edc7973c0d3ba84ddcdf0daa14533c2065749c9075001090e6 \
    --hash=sha256:fa160448684b4e94d80416c0fa4aac48967a969efe22931448d853ada8baf926 \
    --hash=sha256:fc09d0aa354569bc501d4e787133afc08552722d3ab34836a80547331bb5d4a0
    # via
    #   huggingface-hub
    #   transformers
regex==2026.9.10 \
    --hash=sha256:030fa9e23624e39b3b94e46b90a5abd1a1678eb2f58fcdd3fd6c27526bf91c7e \
    --hash=sha256:032da15431c890d376f53547f0a6219f4f4cd19f3e4f11bdc321453b5bd207e4 \
    --hash=sha256:044bd4639b6bb409ec9e5d8b7accd57e02b4c4a4e2eafde916f8ae8006b3e40b \
    --hash=sha256:048a89ee797db10160bd2bd519286577a6b43a100279bd4b7d8456a3d69c80a0 \
    --hash=sha256:05fb018cfe7144585fc83882405906ff84994a2d154afc2509ecc7752c51f864 \
    --hash=sha256:07b45ba5c94b8fcb30cb6c56a11f715c57533a3017964504322ea52690a27b72 \
    --hash=sha256:0aa7589394230e0f0a422ab6b90841ff12c87e855e7aaf75d192a54a5f124548 \
    --hash=sha256:0acee94b480dd853e39434aa9a575f95385b1b4b8fa3feae56db363ca5cad782 \
    --hash=sha256:0b9ba3b2765cdfe18f0f561a69f78a69701f2896654a81c711108d35d14e5099 \
    --hash=sha256:0c32480f3371b75068decaf9e5da72c224e953830dd71e36e06cf80e30ea39d8 \
    --hash=sha256:1270cdec69248592bbe38a0b263ed58d907b891bd2b93703e225c317e421bda1 \
    --hash=sha256:13c52fc377792675f604a207a2ae5958c080f6854f7698d40d9ff034d95b1e76 \
    --hash=sha256:14caa05ce39ec70437af5aac8814c50ee6628f4a90353871c059692f448a164f \
    --hash=sha256:1562aabd9d4eb09bd88a62ad97ed06800094b529ac43419e43020b9cefec79b0 \
    --hash=sha256:175cf49ce7a994c88b8f15e3cb17cdb66a48ebb2d36de736b8205033db950f89 \
    --hash=sha256:1aa309ab7ba89a62d6cf70dbd38d4176440bce3c7001ab86256704cf4c18c6eb \
    --hash=sha256:1ad10a135fa0b4e4a462a61d07c6654d7518cfdb5cb8da08f9ff7d61384af1fe \
    --hash=sha256:1b891f77554bff991804cee24b78b40789f7d5993a24c7907bc7025fd2a70c8d \
    --hash=sha256:1e321e2c84f0e52c457f5ea5944f796d6e8e09cb99738ea98dcc1bfe402a128d \
    --hash=sha256:1e954e246466d5a1a78f563ce8364b5d7cb19e7adb0ccdec8f9c9610083187bc \
    --hash=sha256:1f0a8b4928823bc8b217a1ab7bf3d90598909dec9a70fbbfe9a52cc4eca55990 \
    --hash=sha256:1fbc8314436353e097c050e11b01a6c11433579437ed0579730157676ef59e2f \
    --hash=sha256:20e8bfb07ad79a282f8b95b56fe67f9750b1b7f775724e4ba1f23cb296115ce4 \
    --hash=sha256:217e98ba5fc8908ed8ffd4ebac04753a0c831067cbfb495b9821b94cc61eaa76 \
    --hash=sha256:239620b0e0681669367c0e218c8eb2551d9f8fe3b9fccfc8d0003377804e8348 \
    --hash=sha256:23ac9a28180f274d7dd7651fa131ad5b02d343b75df4b040737f0356223895dd \
    --hash=sha256:2479171edccced52ef02b899558f88ab2c235fe05b93180fdcae1670aacd89e1 \
    --hash=sha256:24d12a625a37c89c2b09303402a06942f55f071b95a7916a49c17034c3d47cd5 \
    --hash=sha256:2dd9286093c71afc8f55ef035c5b9d2776641fd72c6535f1febc92d0b0be9666 \
    --hash=sha256:2e67f8843f0e4b931f1fa860bf3bbe4134b714c0155cc5c7c0d7ea450230aae0 \
    --hash=sha256:31e4df2b11d48f61d511019bc1ee9b477055f17c352b68fe72db7a98b14d603c \
    --hash=sha256:3264132d576847ab5f88bb83e7debe67854bf165b3ea613bd467312b6099536a \
    --hash=sha256:3540734dbe241ebb3b87d5713781f6749a3e4d45480f506aa5fb5cbb0c37d249 \
    --hash=sha256:35ba3bab0c45079735f55ac61526774de1d84bc4a0333cc554e1a4ab74913924 \
    --hash=sha256:3a66e40a1a20de96a2fee00ed67e11012b62d85b277688258677fd19997addb7 \
    --hash=sha256:3bdeed3318a8eb2bbadc9c56347e0ff651639e934a47e168d05a3b12929fd0e7 \
    --hash=sha256:3fb4ae8cf83ef4e9addd43b2da31a9f45be816a8036fae8af59c8998b72718e2 \
    --hash=sha256:4971776b4f2bd7fd9a83eceb2cb2592cbe2924f639fe8045e6a9de5ba4bfcf25 \
    --hash=sha256:4a761ea45f2ad74c575ef5850ea514cef97302a552d3c7c9d1a1a870d4661d6c \
    --hash=sha256:4c66d54042a14a503907d81861b8a5235e6d1f03d4fbc1d8767f652eaf957ac1 \
    --hash=sha256:4db7d00c4afbfbb55b8e17b1e371da11418ea9389b030acec63c1fa4c7ad4b86 \
    --hash=sha256:4f0407474ffac8e5e89d93ca41d60891e29f0ab8423eb66ff292d850a86a0843 \
    --hash=sha256:53e182b6b04d0011909b47d51a2d72d908de07c7b1c7f16b3adda2204d723bc1 \
    --hash=sha256:5847e22bbf959764d776937d791d034cc2d19b787e361c88d97e859e8dc68502 \
    --hash=sha256:58c01f7b81079cf0817ba831ff4d9eff5d28be4a3ac76c353e6f09bd63f4c386 \
    --hash=sha256:58da726d3e766c0b3f5a3997dfaf0275898a1107b8191cdd6b0437fe45fd817d \
    --hash=sha256:5bef622850cf760154719d4e0d74b0a855962432995168e250069899ae12fe8f \
    --hash=sha256:5ccd139b2061132e7b265cfb4b4721baeb9f8928b81415304abf1ec7e3181c26 \
    --hash=sha256:5cef9f3d14796500ea834c41dbe688f1f6b23c7024dc23e8a794d7ebaf5d71d0 \
    --hash=sha256:63bb62cf62217dc38c8a6b2b61b165b0e4eb8fa93b0aba12139251c0986a8fa3 \
    --hash=sha256:681ed38664b64c6617d3c3c332018d1948c77e139c5ea667c1886efa671e426f \
    --hash=sha256:6888065672b341e5246f391ec16dc258a29218ac784172fd67c30d941544755b \
    --hash=sha256:6aebdd9a946de328b3f6f61dbf48dd064a36eb6dddf96e34ae6651d37f6e9383 \
    --hash=sha256:6afcad14310f1311d077553ed374b42a5e538f85a8c884b4e38e52de091c8077 \
    --hash=sha256:6b34a778c695d24e77c140e3b4c95da69282e34f2f6b02b55656aa4a0379f643 \
    --hash=sha256:6fd555fc9abef50c530869690b2daca054c8811a7aff632d11f9a7b2590b2742 \
    --hash=sha256:71879292c9c7ac67b1680345b16daba1be937cb027362cfa04e68f65db2dcfdd \
    --hash=sha256:75242f44a3e283106077be4ab717bc535e4701c9d54ad69e195945c22f137a1d \
    --hash=sha256:75aa39d3f4f1650eea84e46b0d8cefe77dd5478c10e3d0aaf0b0f00493475a7a \
    --hash=sha256:75f9297b16fcb588a1f8d8a55dabef3c0c20b0c7bac43c87ceaaaf1a825c12f4 \
    --hash=sha256:79e9432995e14c749d34209413de5e621ec8e67789bf4f46dbfabea9d06a2406 \
    --hash=sha256:7abb38b8c40f3a235235a44da452c64b7b5c1d650ec6351027db0e090804f2e5 \
    --hash=sha256:7dcad477c49c4c626a6c4fcd71b39a971aa217060cc40a6569fd24edcc0fa509 \
    --hash=sha256:7e6c0b5ec6ddee4032247585dc491b0fa58627745b66a705728703a3f0331231 \
    --hash=sha256:7f8f10015866608fe4c043cec2e4fe4c39a94bb50e45091de4cdf4004b9ae4b0 \
    --hash=sha256:866de9f98df0611d7b62b3a8729d3284a64c0cc6edd90bb95a533e443a4939cb \
    --hash=sha256:87f5f75c109f08f5c602d68e1af54cead8165189c727b6ac946b30b9833a3ba4 \
    --hash=sha256:880ac684c27176464c00c3fdc456116364f5ebc70da07aad0c2d4a7ba45e98db \
    --hash=sha256:88b02aa8d0ec9b6189fe933d425775882271c23700ac11fd26d1779b0f56fde3 \
    --hash=sha256:8ba1f78bd4fef2d8f84b894ec28ac3481afe6cc07aaa253ad4717ef7b3fe6bcb \
    --hash=sha256:8c07021a4faa3f092869adbd1f35cdc7a592276c807aeebc3ceb8ff1a638f0b4 \
    --hash=sha256:8d5c4518235a2ec1611e57af85fa488d529c1106aacff12adadcedf8687012cd \
    --hash=sha256:8e127d9a80cbf1c3276bb465c6d047e8705e97b58c2b8f2f0c0a69c336b44b37 \
    --hash=sha256:94c5ce3bc41d226b4eb89ca3f842b2e28c031487fb1f34eb2153d98235831325 \
    --hash=sha256:94d096369b7cd96d15343fef5257fe39eff9d0e8758b92a0e15e358b92cdb2fc \
    --hash=sha256:968c1e33edd9a104d1bf24c8d476c72de7e3839ae7f894b37e9e4f4739fdeeca \
    --hash=sha256:990797e765d89a423880052c68b61c31afe701de94a8c060f61c40605ca6c727 \
    --hash=sha256:9ce239acb15843ab03976626af810a4424b0409689ec2bbc52088ab5479ab487 \
    --hash=sha256:9d772586951d7d6a5d162d48f414065e483b1c81ab38fd8ed97c78b05883421a \
    --hash=sha256:9fbd2e5d8002dc49a6129fb321ec51c57a025e752ed525ddce0ba9223c4350a7 \
    --hash=sha256:a41693eb3fc4b92e6127d113813c6c395237f7edd3224abf67609af48c690d11 \
    --hash=sha256:abbfc1c33bf8efddcc43844aba61e036d74a918680dc3ce8ce2538b004eda0f9 \
    --hash=sha256:b298cdc33c5cc6969ff07f0fba19cc73e0fd8576373c50935feadaca2f6b4405 \
    --hash=sha256:b43456de605c8ee77eb75f07bc1ee44ba27f9cee22207deb77d495e954b7d953 \
    --hash=sha256:b71649169a9fcf30b395ee01047fa7ad6654a4c900ca75b23c04dedcce6a1f8c \
    --hash=sha256:b91c37551bf39d75116c02b146956f65b9aa0337a4a652f4ae186983789d4001 \
    --hash=sha256:b9d36b03dc362aa40ffaaec9d9bd75e87763529563ec008c43b0e07782f5be7a \
    --hash=sha256:bafa41b0dd63669e5c0f8adf3d24819efeb73c847f492eb011212eb352e69041 \
    --hash=sha256:bb7774924f8cd69f49cba0b3c2d679a6326f777e0e67d130ad5203e4df53f0d3 \
    --hash=sha256:bf29611e5376fec8f795879bb5c6153a76c3a292573d173c26784042b01eb840 \
    --hash=sha256:c014641157e9049b0603b8daa5343bd408d9b757b709aaa0f373cd3fab2d7944 \
    --hash=sha256:c103b3b14e011774af4fb7e4617ad4d72b9171905cd3b231a70a4efd76e477d7 \
    --hash=sha256:c22df8dd6373bbe3898e77429ffc85594300e39d752fd0e68a31e59d37899376 \
    --hash=sha256:c25a754bb81a2edcfc3b65eda50f017d736f818112ed43e8aafd595cb00678ae \
    --hash=sha256:c32818b28bcd153b25b63038348a9fe9b9fbcddb60df43f204c3ab55eeb57f77 \
    --hash=sha256:c37fa93bf18bf4f90b01c0fa9f11ea567ee4b7dd8bf96e63663e5edc37aa38cf \
    --hash=sha256:c3d95d7d9538b5b726dd6fcd7b6117a71e6565202f6d64f5845fb4d8f203f533 \
    --hash=sha256:c8fbd9cb30c68c1686b94029b9ef845d5870d3d65baf66cb126b676849b9d72b \
    --hash=sha256:cb76a9c4e07a6a47849726af0ed14c41741a182f097f134a8cf29c1bc0f4dde8 \
    --hash=sha256:ce7c118cb102975f974585688357a717ffbf9dddd64ab0bb1bc93eb5b367cf95 \
    --hash=sha256:cf377960d2ac37d987394a9dbaa75e91338c41a46d41e1d25e90125e7b3ee2dc \
    --hash=sha256:d278ad30ec83b6b9202685b0f80b741a51ea3ca7f0595ebda96e7628b6398876 \
    --hash=sha256:d2d377fd1cad611b806cdd732d86b65f536c768209890cb442556548daa65a23 \
    --hash=sha256:d414c411c06fe0009eac33488fb1591c66b5c2673e342e452e7bb2fe63da8194 \
    --hash=sha256:d8c668af8f7bdb1d18739c27d30cd9f4b371495a883f75a002fb7a39d740fecd \
    --hash=sha256:dce932f8e3ba936475ea3d0d8b59f7b050a9e206e994f53f8fd80299871e87da \
    --hash=sha256:debc629e98b95abaea1cf3057ca296151f348c697c9b8a59d18013adb302c0dd \
    --hash=sha256:e0dc78251154b66dc60211563fc115345da332eaa881e4e2523fb1edae3772f4 \
    --hash=sha256:e5e4a6e0734a685d13b9685622bb503bdbb2927f8b0df025a5085f0ea067475b \
    --hash=sha256:e6b99181d184d0f5c7b36b8d12b94d1e9499cce6246594331f9edc5d2ea9fceb \
    --hash=sha256:e7327795089ddb44912dce1434e1d7244be2e9fb48fcc2d6782936af7a3062db \
    --hash=sha256:ebb2ba68e4641a994061f70bf44ed448fba0b9b1d18c94ffb9efc1cca805b39b \
    --hash=sha256:ec8855f08c17895a26fbf5f19ed829722e19b34a96629e49a43c92974924026b \
    --hash=sha256:ecb2e7acb18f8cc4a67f0ad986c0af291ea4dd385d0614ba9bc09d7f8bbb478c \
    --hash=sha256:ef4c0a9dfdc90581b90b1b95a8c3d1557f8ff8f5a2a53536d26314de699d1468 \
    --hash=sha256:ef4ce69ff97fbb44b46751cfea5e859ad0b66d1a50abf34954f0645f51e81671 \
    --hash=sha256:ef5a059ea1c6ee5d1c7e99a2484e628608d010921efe876c6f0e2029d2f35eca \
    --hash=sha256:f0e2e5d23448b660d60a6ed85c46cc03b4b48bd276b8f4041d4a5fe2a4a0626b \
    --hash=sha256:f2374c27deb189b282ec7e16106752c22ad39b056bbd8018960b1e4cc95d67a1 \
    --hash=sha256:f2f43bf4e47ff7ce9e585558706d698c6204d0f80bf2207766382ed817c8e9f4 \
    --hash=sha256:f5c629df03adec31ee505dda3c8988f106c9390e4cbd343600036eb8b3d6724f \
    --hash=sha256:f70b9f0e39c2dba1d9da6bf7ef7c377cad7277f8440e9a69be05ede529ff024c \
    --hash=sha256:f7d4656e17ab736e9415a6442a345bfc97bb8b7dcce47884bb74a37f70f08d0c \
    --hash=sha256:f8bdec659a8fa7af51a32b224b3b7c02bc415d54ffd35187b1d224176b17d607 \
    --hash=sha256:faa911fbbcf8ac90bda0e0657d60768e3390954ef0588211d63a22add1cb1cd1 \
    --hash=sha256:fbc4e2f3cb7ce8436154e6483079e7d35eeb321a952fa936e180300630d8b873 \
    --hash=sha256:fd6bd89b9fc06018d35851cab0240adb7dd84d51941b19f6574ac90cd54e3ae5 \
    --hash=sha256:ff4d7b14ea19e50c8d9d6d83f45bd9b45cbb624c07ac1fa54db0a019049abed7 \
    --hash=sha256:ff6b3267318661dfddf6b3628663e00e5946bd0a5c8fa678537a1401f0388f91 \
    --hash=sha256:ffc2da104e43db716ce30cef9f28049a1faa6aca385dd8771b033268d0730b07
    # via transformers
rich==15.0.0 \
    --hash=sha256:33bd4ef74232fb73fe9279a257718407f169c09b78a87ad3d296f548e27de0bb \
    --hash=sha256:edd07a4824c6b40189fb7ac9bc4c52536e9780fbbfbddf6f1e2502c31b068c36
    # via typer
safetensors==0.8.0 \
    --hash=sha256:040070828e36dc8e122178bbbd5830ff9e97920affb84cbe0f46442497bed358 \
    --hash=sha256:096ec1a98435df7beb08853bb5aa9081a84f23d0adc67ed1a0a10550f608373f \
    --hash=sha256:2ddf52eac562eda224f99acfa7889d02968c1fd59a5b011ae7d8137c37e9c02d \
    --hash=sha256:3ae091f16662658bdc019a4ff6cb4c085bb7d725eb5978b183ffd265863b6d2d \
    --hash=sha256:4124502b78f03534117c848f87a39b8f31e577b15eff423bf8bfb95f2a8c30d0 \
    --hash=sha256:4a95ae2b05d7726d751da4ebf626a2ca782b706e101bd894c95bc2450b1cffcc \
    --hash=sha256:7a46e5ff292c356d6991e60942ba7f79817682d3a2cef0702136448cb9c4d235 \
    --hash=sha256:7bc0a787ba8a35be368ee3574edfa2b1ad389eebd0a72e482ae275490e3f6c98 \
    --hash=sha256:87eec7ffed2b809f05a398a8becb7d013f19f7837cd15d9748580d6cf30dbaf4 \
    --hash=sha256:8e080062fcde23be189565e1c3305d16751a218ecf9412c8601e64204eb6f846 \
    --hash=sha256:8e9f537aa183a38ace122d27303dcd986b26bd2a7591f9181d7f0c396f4677ca \
    --hash=sha256:c554f85858e05226d3c2828e32395e677434685d6d94594a41643361c5e837f0 \
    --hash=sha256:c80201d22cbf405b80647a60ada77bba06c8fba2da2743ba1e89cdcc39a81f25 \
    --hash=sha256:f7838e5135a406ad3e02efdcb8cf2e5397d368b0154537c4fec682dbc544d452 \
    --hash=sha256:fabaf3e0f18a6618d9b36560682562157f77c2b71fcffc7b432be2baed9d753d \
    --hash=sha256:fcdd41ec4628fee5799f807c73c353629130fbd942aa23d83c623dd6c9d52d78 \
    --hash=sha256:fd6f3f93c9a0a7cc2788ee63fb763353d4bd2e89b0751bc78fcf7dda00bea774
    # via
    #   -r config/requirements-gpu.in
    #   transformers
setuptools==84.0.0 \
    --hash=sha256:51a52592b3b99e102b609654876bd65f19f999935166d1352678931132b0c670 \
    --hash=sha256:f4695c21257f0d9b537ec2692c941d02ee143b7cc1276941349a546573b2ef73
    # via torch
shellingham==1.5.4 \
    --hash=sha256:7ecfff8f2fd72616f7481040475a65b2bf8af90a56c89140852d1120324e8686 \
    --hash=sha256:8dbca0739d487e5bd35ab3ca4b36e11c4078f3a234bfce294b0a0291363404de
    # via typer
sympy==1.14.0 \
    --hash=sha256:d3d3fe8df1e5a0b42f0e7bdf50541697dbe7d23746e894990c030e2b05e72517 \
    --hash=sha256:e091cc3e99d2141a0ba2847328f5479b05d94a6635cb96148ccb3f34671bd8f5
    # via torch
tokenizers==0.23.2 \
    --hash=sha256:12f0835dc2ee694746a76adf7b1567d4346a4a502ebe93fb1f5f80ea49799b78 \
    --hash=sha256:2e96f5699d5249c9c64aa8412e044f727aae3a4098cf830f9901ec1afc361cde \
    --hash=sha256:325fee2e0418a9dc6c9ecf736a5f5f0db7875183ace9549ae339da76f7a1fbb7 \
    --hash=sha256:41c2f84d172449b4dadb9cdc508e3e364076613c35b16e76ecfe47a60d1e3305 \
    --hash=sha256:43e4f2071e3cc8d5d86421c874aebc82659bb51a68bcdef5a0da75ee89511ccb \
    --hash=sha256:5c56bda1511921587789163e524d196ed8284174ac23abd7685d5ea8da6c4718 \
    --hash=sha256:7b7e37ba198f24150f523e1242e83c4970de4a525480586be5dcc24d9add32c5 \
    --hash=sha256:7f0f085686b9de0d0079e6f874ae053600db64c5d13049e0bbc0119926d25aac \
    --hash=sha256:85a9a357a3764aecc904ee76bdaf8cf1ad8e5a67a1b929a487c4a39b49ed0e90 \
    --hash=sha256:950d7c9426fa72406a0ffeacdbc0bb9985f5db20eb8b263f29c79aaf83105703 \
    --hash=sha256:986670e43691469dcee610ea0f846f91a8f84e91fc6f7a48d4c064414c0ec2bf \
    --hash=sha256:a37039b5dfc4af84eb3ef0a92f4307e28936c8f9adccba2629d36f652e9bf7a2 \
    --hash=sha256:bef235815a067b2648caf6dcc7a71091b0b0fff9ee8057f6451eb9335fae52ef \
    --hash=sha256:debf978920d93ba9c219bd67cc4bbfaf912c9039e41e7a28b91ec15e3728c95a \
    --hash=sha256:e49c394456dd9985787fec76132438ba3fb8911f857b1bf3d40119f9292d41aa \
    --hash=sha256:eb2f9c8a24da020ea8c11a01a19c1c2547912d92121ae4a01cfbca46125dee40 \
    --hash=sha256:f486f402f6f9abee5bb032553736813af0c710a86b2e0ca592634c55cea1f835
    # via
    #   -c config/requirements-retrieval.lock
    #   transformers
torch==2.14.0+cu130 \
    --hash=sha256:00fb5440e7560b3b21e5e24567c6096fec4ef65b50a7ef1a105ebed5755eef7e \
    --hash=sha256:07686af6e00801b04fe0feb9e9aa22ff7a58112fb60e0b29a4146f5ac553bf6b \
    --hash=sha256:12b09f9e9f91347596393a6ddb95e9bc0aa003227eb6c7cd7f20c144eac62442 \
    --hash=sha256:16171adcc338c0827fbc28e448b96071638f4733743ee144b9692ec43477d821 \
    --hash=sha256:16faf934f1d36845fe9154729f2d7ba5f528d4ea3c963bc1141013236dae5c74 \
    --hash=sha256:20ec4bb8944a847dee60e6d5536b415670dd5403342f36dbe08a6be5bf582e08 \
    --hash=sha256:5fc2edbf7d38aa0491e517035ada66dfc5852e7fd10e8f50d062c4553d9cea16 \
    --hash=sha256:6a20371bf5af2af933a6149e5ec13f7ea7ad506276137dae9386f98d236c02ff \
    --hash=sha256:6c6f734dc5bd126316a9e6320cff848b0e21afc1702118dd504fa45512c0d2d5 \
    --hash=sha256:7170e708b4a56fdae4a20a6537c63ce6166745337c4172016b2cafb62880fa90 \
    --hash=sha256:745010695e0458d6f28accb697b5371b6fd245aa8696530165f972cd126bbd8d \
    --hash=sha256:78ab64d12e478c8baedc4d90e662f6ffca2b6cb8a872a02b734a8aa3e00277eb \
    --hash=sha256:7db94ac0c41f1e0c10efd532ab43150c681edfc823cd5332c307644573403840 \
    --hash=sha256:8102c33aeefd37d794cc2339b73a1b681ca7dd0e902a99a308b51e9d9b6bd27c \
    --hash=sha256:9a5dfdca3375869ae89803ae79d44531b706af9352a77066b8bdf134de0e09d4 \
    --hash=sha256:9af4e8f3933c3d515d1949befad551262cdb3f195cbbdb4674369585c55ec342 \
    --hash=sha256:9c5693d3ca91743202034094ad3b3df20b5eb1373d5e0bc8a5d976be12c35302 \
    --hash=sha256:9e68cd6d619325acf1d94fc0c0a819e7a19dd95d226744be20acf7b7aff3ac8a \
    --hash=sha256:9e91cca5c03701158d783fb91fc1c5651469f466a3a3bcb4df5bcbff36cfd371 \
    --hash=sha256:a980c9af25fbe3f5d8cf3880dd66628bcb45ad5aaf82ee380fd04f35d5e2e96b \
    --hash=sha256:b82c5857f2c397a285027b65093dc8c89c7b45a69535786a69dae462bf67fd07 \
    --hash=sha256:c9d9ebc6c552c9e1b1779838b3c236f22e34fac2bcd441c1db8c939dd15f6fff \
    --hash=sha256:e729d57eb3e0c859fa7a9c27f9f274121c2c09ae70a376ac227a650807b0457c \
    --hash=sha256:fca94b3181939ca5bdfc1f7d108a79888dec750f3683f922bda40dc4e78d6eaa
    # via -r config/requirements-gpu.in
tqdm==4.70.0 \
    --hash=sha256:55b0b0dbd97462d06ebee91e4dac24ed4d4702be82b24f07e6c1d27e08cea220 \
    --hash=sha256:7f585706bfddbdebf89daac705b2dfcc16890130727d3197ca62c732b4310953
    # via
    #   -c config/requirements-retrieval.lock
    #   huggingface-hub
    #   transformers
transformers==5.17.0 \
    --hash=sha256:78ec1ce21579b38dfb83950a0658cd119f87212a2fcfdff478096ce9d6c03801 \
    --hash=sha256:a153be279169b55b92d8000bf4af294aed684503d091cca7804da2dd8a9de000
    # via -r config/requirements-gpu.in
typer==0.27.2 \
    --hash=sha256:269b7eb9d3c202ca84b4bc9618cb04ebb43d3d4d1e567e4c768607232c05f945 \
    --hash=sha256:b3a5fc4342d5fc8fda8fc3010b1cf117e9249aab7fae800c2eff62fd3842d97d
    # via transformers
typing-extensions==4.16.0 \
    --hash=sha256:481caa481374e813c1b176ada14e97f1f67a4539ce9cfeb3f350d78d6370c2e8 \
    --hash=sha256:dc983d19a509c94dba722ee6abd33940f7c05a89e243c47e907eb4db6f1a43e5
    # via
    #   anyio
    #   huggingface-hub
    #   torch
